
Microsoft Visual Studio Solution File, Format Version 12.00
# Visual Studio 15
VisualStudioVersion = 15.0.26228.4
MinimumVisualStudioVersion = 10.0.40219.1
Project("{FAE04EC0-301F-11D3-BF4B-00C04F79EFBC}") = "WebService", "WebService\WebService.csproj", "{2F5D4897-C347-4B5C-8364-163A5479228F}"
EndProject
Project("{FAE04EC0-301F-11D3-BF4B-00C04F79EFBC}") = "WebApp", "WebApp\WebApp.csproj", "{00E525FB-8ABC-4467-8EFC-9E55E9C34E84}"
EndProject
Global
	GlobalSection(SolutionConfigurationPlatforms) = preSolution
		Debug|Any CPU = Debug|Any CPU
		Release|Any CPU = Release|Any CPU
	EndGlobalSection
	GlobalSection(ProjectConfigurationPlatforms) = postSolution
		{2F5D4897-C347-4B5C-8364-163A5479228F}.Debug|Any CPU.ActiveCfg = Debug|Any CPU
		{2F5D4897-C347-4B5C-8364-163A5479228F}.Debug|Any CPU.Build.0 = Debug|Any CPU
		{2F5D4897-C347-4B5C-8364-163A5479228F}.Release|Any CPU.ActiveCfg = Release|Any CPU
		{2F5D4897-C347-4B5C-8364-163A5479228F}.Release|Any CPU.Build.0 = Release|Any CPU
		{00E525FB-8ABC-4467-8EFC-9E55E9C34E84}.Debug|Any CPU.ActiveCfg = Debug|Any CPU
		{00E525FB-8ABC-4467-8EFC-9E55E9C34E84}.Debug|Any CPU.Build.0 = Debug|Any CPU
		{00E525FB-8ABC-4467-8EFC-9E55E9C34E84}.Release|Any CPU.ActiveCfg = Release|Any CPU
		{00E525FB-8ABC-4467-8EFC-9E55E9C34E84}.Release|Any CPU.Build.0 = Release|Any CPU
	EndGlobalSection
	GlobalSection(SolutionProperties) = preSolution
		HideSolutionNode = FALSE
	EndGlobalSection
EndGlobal
